
Microsoft Visual Studio Solution File, Format Version 12.00
# Visual Studio Version 17
VisualStudioVersion = 17.0.32014.148
MinimumVisualStudioVersion = 10.0.40219.1
Project("{9A19103F-16F7-4668-BE54-9A1E7A4F7556}") = "syncasync", "syncasync.csproj", "{003D5A17-2DB9-43C8-A9E0-F24764473673}"
EndProject
Global
	GlobalSection(SolutionConfigurationPlatforms) = preSolution
		Debug|Any CPU = Debug|Any CPU
		Release|Any CPU = Release|Any CPU
	EndGlobalSection
	GlobalSection(ProjectConfigurationPlatforms) = postSolution
		{003D5A17-2DB9-43C8-A9E0-F24764473673}.Debug|Any CPU.ActiveCfg = Debug|Any CPU
		{003D5A17-2DB9-43C8-A9E0-F24764473673}.Debug|Any CPU.Build.0 = Debug|Any CPU
		{003D5A17-2DB9-43C8-A9E0-F24764473673}.Release|Any CPU.ActiveCfg = Release|Any CPU
		{003D5A17-2DB9-43C8-A9E0-F24764473673}.Release|Any CPU.Build.0 = Release|Any CPU
	EndGlobalSection
	GlobalSection(SolutionProperties) = preSolution
		HideSolutionNode = FALSE
	EndGlobalSection
	GlobalSection(ExtensibilityGlobals) = postSolution
		SolutionGuid = {DF541835-2C0E-4187-A95C-8253DD5F4195}
	EndGlobalSection
EndGlobal
